// !$*UTF8*$!
{
	archiveVersion = 1;
	classes = {
	};
	objectVersion = 50;
	objects = {

/* Begin PBXBuildFile section */
		68594D26212DB3EA00A76FFB /* AppDelegate.swift in Sources */ = {isa = PBXBuildFile; fileRef = 68594D25212DB3EA00A76FFB /* AppDelegate.swift */; };
		68594D28212DB3EA00A76FFB /* ViewController.swift in Sources */ = {isa = PBXBuildFile; fileRef = 68594D27212DB3EA00A76FFB /* ViewController.swift */; };
		68594D2B212DB3EA00A76FFB /* Main.storyboard in Resources */ = {isa = PBXBuildFile; fileRef = 68594D29212DB3EA00A76FFB /* Main.storyboard */; };
		68594D2D212DB3EB00A76FFB /* Assets.xcassets in Resources */ = {isa = PBXBuildFile; fileRef = 68594D2C212DB3EB00A76FFB /* Assets.xcassets */; };
		68594D30212DB3EB00A76FFB /* LaunchScreen.storyboard in Resources */ = {isa = PBXBuildFile; fileRef = 68594D2E212DB3EB00A76FFB /* LaunchScreen.storyboard */; };
		68594D3A212DF43B00A76FFB /* Intents.framework in Frameworks */ = {isa = PBXBuildFile; fileRef = 68594D39212DF43B00A76FFB /* Intents.framework */; };
		68D4FD1221346F020003A9F2 /* Intents.intentdefinition in Sources */ = {isa = PBXBuildFile; fileRef = 68D4FD1121346F020003A9F2 /* Intents.intentdefinition */; };
/* End PBXBuildFile section */

/* Begin PBXFileReference section */
		68594D22212DB3EA00A76FFB /* PicSearch.app */ = {isa = PBXFileReference; explicitFileType = wrapper.application; includeInIndex = 0; path = PicSearch.app; sourceTree = BUILT_PRODUCTS_DIR; };
		68594D25212DB3EA00A76FFB /* AppDelegate.swift */ = {isa = PBXFileReference; lastKnownFileType = sourcecode.swift; path = AppDelegate.swift; sourceTree = "<group>"; };
		68594D27212DB3EA00A76FFB /* ViewController.swift */ = {isa = PBXFileReference; lastKnownFileType = sourcecode.swift; path = ViewController.swift; sourceTree = "<group>"; };
		68594D2A212DB3EA00A76FFB /* Base */ = {isa = PBXFileReference; lastKnownFileType = file.storyboard; name = Base; path = Base.lproj/Main.storyboard; sourceTree = "<group>"; };
		68594D2C212DB3EB00A76FFB /* Assets.xcassets */ = {isa = PBXFileReference; lastKnownFileType = folder.assetcatalog; path = Assets.xcassets; sourceTree = "<group>"; };
		68594D2F212DB3EB00A76FFB /* Base */ = {isa = PBXFileReference; lastKnownFileType = file.storyboard; name = Base; path = Base.lproj/LaunchScreen.storyboard; sourceTree = "<group>"; };
		68594D31212DB3EB00A76FFB /* Info.plist */ = {isa = PBXFileReference; lastKnownFileType = text.plist.xml; path = Info.plist; sourceTree = "<group>"; };
		68594D37212DEC3700A76FFB /* PicSearch.entitlements */ = {isa = PBXFileReference; lastKnownFileType = text.plist.entitlements; path = PicSearch.entitlements; sourceTree = "<group>"; };
		68594D39212DF43B00A76FFB /* Intents.framework */ = {isa = PBXFileReference; lastKnownFileType = wrapper.framework; name = Intents.framework; path = System/Library/Frameworks/Intents.framework; sourceTree = SDKROOT; };
		68D4FD1121346F020003A9F2 /* Intents.intentdefinition */ = {isa = PBXFileReference; lastKnownFileType = file.intentdefinition; path = Intents.intentdefinition; sourceTree = "<group>"; };
/* End PBXFileReference section */

/* Begin PBXFrameworksBuildPhase section */
		68594D1F212DB3EA00A76FFB /* Frameworks */ = {
			isa = PBXFrameworksBuildPhase;
			buildActionMask = 2147483647;
			files = (
				68594D3A212DF43B00A76FFB /* Intents.framework in Frameworks */,
			);
			runOnlyForDeploymentPostprocessing = 0;
		};
/* End PBXFrameworksBuildPhase section */

/* Begin PBXGroup section */
		68594D19212DB3EA00A76FFB = {
			isa = PBXGroup;
			children = (
				68594D24212DB3EA00A76FFB /* PicSearch */,
				68594D23212DB3EA00A76FFB /* Products */,
				68594D38212DF43B00A76FFB /* Frameworks */,
			);
			sourceTree = "<group>";
		};
		68594D23212DB3EA00A76FFB /* Products */ = {
			isa = PBXGroup;
			children = (
				68594D22212DB3EA00A76FFB /* PicSearch.app */,
			);
			name = Products;
			sourceTree = "<group>";
		};
		68594D24212DB3EA00A76FFB /* PicSearch */ = {
			isa = PBXGroup;
			children = (
				68594D37212DEC3700A76FFB /* PicSearch.entitlements */,
				68594D25212DB3EA00A76FFB /* AppDelegate.swift */,
				68D4FD1121346F020003A9F2 /* Intents.intentdefinition */,
				68594D27212DB3EA00A76FFB /* ViewController.swift */,
				68594D29212DB3EA00A76FFB /* Main.storyboard */,
				68594D2C212DB3EB00A76FFB /* Assets.xcassets */,
				68594D2E212DB3EB00A76FFB /* LaunchScreen.storyboard */,
				68594D31212DB3EB00A76FFB /* Info.plist */,
			);
			path = PicSearch;
			sourceTree = "<group>";
		};
		68594D38212DF43B00A76FFB /* Frameworks */ = {
			isa = PBXGroup;
			children = (
				68594D39212DF43B00A76FFB /* Intents.framework */,
			);
			name = Frameworks;
			sourceTree = "<group>";
		};
/* End PBXGroup section */

/* Begin PBXNativeTarget section */
		68594D21212DB3EA00A76FFB /* PicSearch */ = {
			isa = PBXNativeTarget;
			buildConfigurationList = 68594D34212DB3EB00A76FFB /* Build configuration list for PBXNativeTarget "PicSearch" */;
			buildPhases = (
				68594D1E212DB3EA00A76FFB /* Sources */,
				68594D1F212DB3EA00A76FFB /* Frameworks */,
				68594D20212DB3EA00A76FFB /* Resources */,
			);
			buildRules = (
			);
			dependencies = (
			);
			name = PicSearch;
			productName = PicSearch;
			productReference = 68594D22212DB3EA00A76FFB /* PicSearch.app */;
			productType = "com.apple.product-type.application";
		};
/* End PBXNativeTarget section */

/* Begin PBXProject section */
		68594D1A212DB3EA00A76FFB /* Project object */ = {
			isa = PBXProject;
			attributes = {
				LastSwiftUpdateCheck = 1000;
				LastUpgradeCheck = 1000;
				ORGANIZATIONNAME = "Russell Archer";
				TargetAttributes = {
					68594D21212DB3EA00A76FFB = {
						CreatedOnToolsVersion = 10.0;
						SystemCapabilities = {
							com.apple.Siri = {
								enabled = 1;
							};
						};
					};
				};
			};
			buildConfigurationList = 68594D1D212DB3EA00A76FFB /* Build configuration list for PBXProject "PicSearch" */;
			compatibilityVersion = "Xcode 9.3";
			developmentRegion = en;
			hasScannedForEncodings = 0;
			knownRegions = (
				en,
				Base,
			);
			mainGroup = 68594D19212DB3EA00A76FFB;
			productRefGroup = 68594D23212DB3EA00A76FFB /* Products */;
			projectDirPath = "";
			projectRoot = "";
			targets = (
				68594D21212DB3EA00A76FFB /* PicSearch */,
			);
		};
/* End PBXProject section */

/* Begin PBXResourcesBuildPhase section */
		68594D20212DB3EA00A76FFB /* Resources */ = {
			isa = PBXResourcesBuildPhase;
			buildActionMask = 2147483647;
			files = (
				68594D30212DB3EB00A76FFB /* LaunchScreen.storyboard in Resources */,
				68594D2D212DB3EB00A76FFB /* Assets.xcassets in Resources */,
				68594D2B212DB3EA00A76FFB /* Main.storyboard in Resources */,
			);
			runOnlyForDeploymentPostprocessing = 0;
		};
/* End PBXResourcesBuildPhase section */

/* Begin PBXSourcesBuildPhase section */
		68594D1E212DB3EA00A76FFB /* Sources */ = {
			isa = PBXSourcesBuildPhase;
			buildActionMask = 2147483647;
			files = (
				68D4FD1221346F020003A9F2 /* Intents.intentdefinition in Sources */,
				68594D28212DB3EA00A76FFB /* ViewController.swift in Sources */,
				68594D26212DB3EA00A76FFB /* AppDelegate.swift in Sources */,
			);
			runOnlyForDeploymentPostprocessing = 0;
		};
/* End PBXSourcesBuildPhase section */

/* Begin PBXVariantGroup section */
		68594D29212DB3EA00A76FFB /* Main.storyboard */ = {
			isa = PBXVariantGroup;
			children = (
				68594D2A212DB3EA00A76FFB /* Base */,
			);
			name = Main.storyboard;
			sourceTree = "<group>";
		};
		68594D2E212DB3EB00A76FFB /* LaunchScreen.storyboard */ = {
			isa = PBXVariantGroup;
			children = (
				68594D2F212DB3EB00A76FFB /* Base */,
			);
			name = LaunchScreen.storyboard;
			sourceTree = "<group>";
		};
/* End PBXVariantGroup section */

/* Begin XCBuildConfiguration section */
		68594D32212DB3EB00A76FFB /* Debug */ = {
			isa = XCBuildConfiguration;
			buildSettings = {
				ALWAYS_SEARCH_USER_PATHS = NO;
				CLANG_ANALYZER_NONNULL = YES;
				CLANG_ANALYZER_NUMBER_OBJECT_CONVERSION = YES_AGGRESSIVE;
				CLANG_CXX_LANGUAGE_STANDARD = "gnu++14";
				CLANG_CXX_LIBRARY = "libc++";
				CLANG_ENABLE_MODULES = YES;
				CLANG_ENABLE_OBJC_ARC = YES;
				CLANG_ENABLE_OBJC_WEAK = YES;
				CLANG_WARN_BLOCK_CAPTURE_AUTORELEASING = YES;
				CLANG_WARN_BOOL_CONVERSION = YES;
				CLANG_WARN_COMMA = YES;
				CLANG_WARN_CONSTANT_CONVERSION = YES;
				CLANG_WARN_DEPRECATED_OBJC_IMPLEMENTATIONS = YES;
				CLANG_WARN_DIRECT_OBJC_ISA_USAGE = YES_ERROR;
				CLANG_WARN_DOCUMENTATION_COMMENTS = YES;
				CLANG_WARN_EMPTY_BODY = YES;
				CLANG_WARN_ENUM_CONVERSION = YES;
				CLANG_WARN_INFINITE_RECURSION = YES;
				CLANG_WARN_INT_CONVERSION = YES;
				CLANG_WARN_NON_LITERAL_NULL_CONVERSION = YES;
				CLANG_WARN_OBJC_IMPLICIT_RETAIN_SELF = YES;
				CLANG_WARN_OBJC_LITERAL_CONVERSION = YES;
				CLANG_WARN_OBJC_ROOT_CLASS = YES_ERROR;
				CLANG_WARN_RANGE_LOOP_ANALYSIS = YES;
				CLANG_WARN_STRICT_PROTOTYPES = YES;
				CLANG_WARN_SUSPICIOUS_MOVE = YES;
				CLANG_WARN_UNGUARDED_AVAILABILITY = YES_AGGRESSIVE;
				CLANG_WARN_UNREACHABLE_CODE = YES;
				CLANG_WARN__DUPLICATE_METHOD_MATCH = YES;
				CODE_SIGN_IDENTITY = "iPhone Developer";
				COPY_PHASE_STRIP = NO;
				DEBUG_INFORMATION_FORMAT = dwarf;
				ENABLE_STRICT_OBJC_MSGSEND = YES;
				ENABLE_TESTABILITY = YES;
				GCC_C_LANGUAGE_STANDARD = gnu11;
				GCC_DYNAMIC_NO_PIC = NO;
				GCC_NO_COMMON_BLOCKS = YES;
				GCC_OPTIMIZATION_LEVEL = 0;
				GCC_PREPROCESSOR_DEFINITIONS = (
					"DEBUG=1",
					"$(inherited)",
				);
				GCC_WARN_64_TO_32_BIT_CONVERSION = YES;
				GCC_WARN_ABOUT_RETURN_TYPE = YES_ERROR;
				GCC_WARN_UNDECLARED_SELECTOR = YES;
				GCC_WARN_UNINITIALIZED_AUTOS = YES_AGGRESSIVE;
				GCC_WARN_UNUSED_FUNCTION = YES;
				GCC_WARN_UNUSED_VARIABLE = YES;
				IPHONEOS_DEPLOYMENT_TARGET = 12.0;
				MTL_ENABLE_DEBUG_INFO = INCLUDE_SOURCE;
				MTL_FAST_MATH = YES;
				ONLY_ACTIVE_ARCH = YES;
				SDKROOT = iphoneos;
				SWIFT_ACTIVE_COMPILATION_CONDITIONS = DEBUG;
				SWIFT_OPTIMIZATION_LEVEL = "-Onone";
			};
			name = Debug;
		};
		68594D33212DB3EB00A76FFB /* Release */ = {
			isa = XCBuildConfiguration;
			buildSettings = {
				ALWAYS_SEARCH_USER_PATHS = NO;
				CLANG_ANALYZER_NONNULL = YES;
				CLANG_ANALYZER_NUMBER_OBJECT_CONVERSION = YES_AGGRESSIVE;
				CLANG_CXX_LANGUAGE_STANDARD = "gnu++14";
				CLANG_CXX_LIBRARY = "libc++";
				CLANG_ENABLE_MODULES = YES;
				CLANG_ENABLE_OBJC_ARC = YES;
				CLANG_ENABLE_OBJC_WEAK = YES;
				CLANG_WARN_BLOCK_CAPTURE_AUTORELEASING = YES;
				CLANG_WARN_BOOL_CONVERSION = YES;
				CLANG_WARN_COMMA = YES;
				CLANG_WARN_CONSTANT_CONVERSION = YES;
				CLANG_WARN_DEPRECATED_OBJC_IMPLEMENTATIONS = YES;
				CLANG_WARN_DIRECT_OBJC_ISA_USAGE = YES_ERROR;
				CLANG_WARN_DOCUMENTATION_COMMENTS = YES;
				CLANG_WARN_EMPTY_BODY = YES;
				CLANG_WARN_ENUM_CONVERSION = YES;
				CLANG_WARN_INFINITE_RECURSION = YES;
				CLANG_WARN_INT_CONVERSION = YES;
				CLANG_WARN_NON_LITERAL_NULL_CONVERSION = YES;
				CLANG_WARN_OBJC_IMPLICIT_RETAIN_SELF = YES;
				CLANG_WARN_OBJC_LITERAL_CONVERSION = YES;
				CLANG_WARN_OBJC_ROOT_CLASS = YES_ERROR;
				CLANG_WARN_RANGE_LOOP_ANALYSIS = YES;
				CLANG_WARN_STRICT_PROTOTYPES = YES;
				CLANG_WARN_SUSPICIOUS_MOVE = YES;
				CLANG_WARN_UNGUARDED_AVAILABILITY = YES_AGGRESSIVE;
				CLANG_WARN_UNREACHABLE_CODE = YES;
				CLANG_WARN__DUPLICATE_METHOD_MATCH = YES;
				CODE_SIGN_IDENTITY = "iPhone Developer";
				COPY_PHASE_STRIP = NO;
				DEBUG_INFORMATION_FORMAT = "dwarf-with-dsym";
				ENABLE_NS_ASSERTIONS = NO;
				ENABLE_STRICT_OBJC_MSGSEND = YES;
				GCC_C_LANGUAGE_STANDARD = gnu11;
				GCC_NO_COMMON_BLOCKS = YES;
				GCC_WARN_64_TO_32_BIT_CONVERSION = YES;
				GCC_WARN_ABOUT_RETURN_TYPE = YES_ERROR;
				GCC_WARN_UNDECLARED_SELECTOR = YES;
				GCC_WARN_UNINITIALIZED_AUTOS = YES_AGGRESSIVE;
				GCC_WARN_UNUSED_FUNCTION = YES;
				GCC_WARN_UNUSED_VARIABLE = YES;
				IPHONEOS_DEPLOYMENT_TARGET = 12.0;
				MTL_ENABLE_DEBUG_INFO = NO;
				MTL_FAST_MATH = YES;
				SDKROOT = iphoneos;
				SWIFT_COMPILATION_MODE = wholemodule;
				SWIFT_OPTIMIZATION_LEVEL = "-O";
				VALIDATE_PRODUCT = YES;
			};
			name = Release;
		};
		68594D35212DB3EB00A76FFB /* Debug */ = {
			isa = XCBuildConfiguration;
			buildSettings = {
				ASSETCATALOG_COMPILER_APPICON_NAME = AppIcon;
				CODE_SIGN_ENTITLEMENTS = PicSearch/PicSearch.entitlements;
				CODE_SIGN_STYLE = Automatic;
				DEVELOPMENT_TEAM = R6BE99W3FU;
				INFOPLIST_FILE = PicSearch/Info.plist;
				LD_RUNPATH_SEARCH_PATHS = (
					"$(inherited)",
					"@executable_path/Frameworks",
				);
				PRODUCT_BUNDLE_IDENTIFIER = com.rarcher.PicSearch;
				PRODUCT_NAME = "$(TARGET_NAME)";
				SWIFT_VERSION = 4.2;
				TARGETED_DEVICE_FAMILY = 1;
			};
			name = Debug;
		};
		68594D36212DB3EB00A76FFB /* Release */ = {
			isa = XCBuildConfiguration;
			buildSettings = {
				ASSETCATALOG_COMPILER_APPICON_NAME = AppIcon;
				CODE_SIGN_ENTITLEMENTS = PicSearch/PicSearch.entitlements;
				CODE_SIGN_STYLE = Automatic;
				DEVELOPMENT_TEAM = R6BE99W3FU;
				INFOPLIST_FILE = PicSearch/Info.plist;
				LD_RUNPATH_SEARCH_PATHS = (
					"$(inherited)",
					"@executable_path/Frameworks",
				);
				PRODUCT_BUNDLE_IDENTIFIER = com.rarcher.PicSearch;
				PRODUCT_NAME = "$(TARGET_NAME)";
				SWIFT_VERSION = 4.2;
				TARGETED_DEVICE_FAMILY = 1;
			};
			name = Release;
		};
/* End XCBuildConfiguration section */

/* Begin XCConfigurationList section */
		68594D1D212DB3EA00A76FFB /* Build configuration list for PBXProject "PicSearch" */ = {
			isa = XCConfigurationList;
			buildConfigurations = (
				68594D32212DB3EB00A76FFB /* Debug */,
				68594D33212DB3EB00A76FFB /* Release */,
			);
			defaultConfigurationIsVisible = 0;
			defaultConfigurationName = Release;
		};
		68594D34212DB3EB00A76FFB /* Build configuration list for PBXNativeTarget "PicSearch" */ = {
			isa = XCConfigurationList;
			buildConfigurations = (
				68594D35212DB3EB00A76FFB /* Debug */,
				68594D36212DB3EB00A76FFB /* Release */,
			);
			defaultConfigurationIsVisible = 0;
			defaultConfigurationName = Release;
		};
/* End XCConfigurationList section */
	};
	rootObject = 68594D1A212DB3EA00A76FFB /* Project object */;
}
